
Microsoft Visual Studio Solution File, Format Version 12.00
# Visual Studio Version 17
VisualStudioVersion = 17.14.36301.6 d17.14
MinimumVisualStudioVersion = 10.0.40219.1
Project("{FAE04EC0-301F-11D3-BF4B-00C04F79EFBC}") = "NotificationService", "NotificationService\NotificationService.csproj", "{0DAC448C-8F79-447B-AB9C-1E1ED9C7B353}"
EndProject
Global
	GlobalSection(SolutionConfigurationPlatforms) = preSolution
		Debug|Any CPU = Debug|Any CPU
		Release|Any CPU = Release|Any CPU
	EndGlobalSection
	GlobalSection(ProjectConfigurationPlatforms) = postSolution
		{0DAC448C-8F79-447B-AB9C-1E1ED9C7B353}.Debug|Any CPU.ActiveCfg = Debug|Any CPU
		{0DAC448C-8F79-447B-AB9C-1E1ED9C7B353}.Debug|Any CPU.Build.0 = Debug|Any CPU
		{0DAC448C-8F79-447B-AB9C-1E1ED9C7B353}.Release|Any CPU.ActiveCfg = Release|Any CPU
		{0DAC448C-8F79-447B-AB9C-1E1ED9C7B353}.Release|Any CPU.Build.0 = Release|Any CPU
	EndGlobalSection
	GlobalSection(SolutionProperties) = preSolution
		HideSolutionNode = FALSE
	EndGlobalSection
	GlobalSection(ExtensibilityGlobals) = postSolution
		SolutionGuid = {8A19EAC1-04B2-45D3-BD09-771134F7DA4A}
	EndGlobalSection
EndGlobal
