
Microsoft Visual Studio Solution File, Format Version 12.00
# Visual Studio Version 17
VisualStudioVersion = 17.14.36301.6 d17.14
MinimumVisualStudioVersion = 10.0.40219.1
Project("{FAE04EC0-301F-11D3-BF4B-00C04F79EFBC}") = "OrderService", "OrderService\OrderService.csproj", "{F287698F-E639-472C-BCE3-FCE64AF97BBA}"
EndProject
Global
	GlobalSection(SolutionConfigurationPlatforms) = preSolution
		Debug|Any CPU = Debug|Any CPU
		Release|Any CPU = Release|Any CPU
	EndGlobalSection
	GlobalSection(ProjectConfigurationPlatforms) = postSolution
		{F287698F-E639-472C-BCE3-FCE64AF97BBA}.Debug|Any CPU.ActiveCfg = Debug|Any CPU
		{F287698F-E639-472C-BCE3-FCE64AF97BBA}.Debug|Any CPU.Build.0 = Debug|Any CPU
		{F287698F-E639-472C-BCE3-FCE64AF97BBA}.Release|Any CPU.ActiveCfg = Release|Any CPU
		{F287698F-E639-472C-BCE3-FCE64AF97BBA}.Release|Any CPU.Build.0 = Release|Any CPU
	EndGlobalSection
	GlobalSection(SolutionProperties) = preSolution
		HideSolutionNode = FALSE
	EndGlobalSection
	GlobalSection(ExtensibilityGlobals) = postSolution
		SolutionGuid = {C2B5DA9E-8E24-4FBE-AFA5-AE8BA238252E}
	EndGlobalSection
EndGlobal
